// !$*UTF8*$!
{
	archiveVersion = 1;
	classes = {
	};
	objectVersion = 50;
	objects = {

/* Begin PBXGroup section */
		D17A4FBA256B072800F7DE61 = {
			isa = PBXGroup;
			children = (
			);
			sourceTree = "<group>";
		};
/* End PBXGroup section */

/* Begin PBXProject section */
		D17A4FBB256B072800F7DE61 /* Project object */ = {
			isa = PBXProject;
			attributes = {
				LastUpgradeCheck = 1220;
			};
			buildConfigurationList = D17A4FBE256B072800F7DE61 /* Build configuration list for PBXProject "Advent of Code 2020" */;
			compatibilityVersion = "Xcode 9.3";
			developmentRegion = en;
			hasScannedForEncodings = 0;
			knownRegions = (
				en,
				Base,
			);
			mainGroup = D17A4FBA256B072800F7DE61;
			projectDirPath = "";
			projectRoot = "";
			targets = (
			);
		};
/* End PBXProject section */

/* Begin XCBuildConfiguration section */
		D17A4FBF256B072800F7DE61 /* Debug */ = {
			isa = XCBuildConfiguration;
			buildSettings = {
			};
			name = Debug;
		};
		D17A4FC0256B072800F7DE61 /* Release */ = {
			isa = XCBuildConfiguration;
			buildSettings = {
			};
			name = Release;
		};
/* End XCBuildConfiguration section */

/* Begin XCConfigurationList section */
		D17A4FBE256B072800F7DE61 /* Build configuration list for PBXProject "Advent of Code 2020" */ = {
			isa = XCConfigurationList;
			buildConfigurations = (
				D17A4FBF256B072800F7DE61 /* Debug */,
				D17A4FC0256B072800F7DE61 /* Release */,
			);
			defaultConfigurationIsVisible = 0;
			defaultConfigurationName = Release;
		};
/* End XCConfigurationList section */
	};
	rootObject = D17A4FBB256B072800F7DE61 /* Project object */;
}
